
Microsoft Visual Studio Solution File, Format Version 12.00
# Visual Studio 15
VisualStudioVersion = 15.0.28010.2046
MinimumVisualStudioVersion = 10.0.40219.1
Project("{8BC9CEB8-8B4A-11D0-8D11-00A0C91BC942}") = "实验3堆栈新", "实验3堆栈新\实验3堆栈新.vcxproj", "{DC11DE45-589B-4475-99C1-174D2A17CE26}"
EndProject
Global
	GlobalSection(SolutionConfigurationPlatforms) = preSolution
		Debug|x64 = Debug|x64
		Debug|x86 = Debug|x86
		Release|x64 = Release|x64
		Release|x86 = Release|x86
	EndGlobalSection
	GlobalSection(ProjectConfigurationPlatforms) = postSolution
		{DC11DE45-589B-4475-99C1-174D2A17CE26}.Debug|x64.ActiveCfg = Debug|x64
		{DC11DE45-589B-4475-99C1-174D2A17CE26}.Debug|x64.Build.0 = Debug|x64
		{DC11DE45-589B-4475-99C1-174D2A17CE26}.Debug|x86.ActiveCfg = Debug|Win32
		{DC11DE45-589B-4475-99C1-174D2A17CE26}.Debug|x86.Build.0 = Debug|Win32
		{DC11DE45-589B-4475-99C1-174D2A17CE26}.Release|x64.ActiveCfg = Release|x64
		{DC11DE45-589B-4475-99C1-174D2A17CE26}.Release|x64.Build.0 = Release|x64
		{DC11DE45-589B-4475-99C1-174D2A17CE26}.Release|x86.ActiveCfg = Release|Win32
		{DC11DE45-589B-4475-99C1-174D2A17CE26}.Release|x86.Build.0 = Release|Win32
	EndGlobalSection
	GlobalSection(SolutionProperties) = preSolution
		HideSolutionNode = FALSE
	EndGlobalSection
	GlobalSection(ExtensibilityGlobals) = postSolution
		SolutionGuid = {1EC0C489-BE8E-4D71-A622-2C918059D6CF}
	EndGlobalSection
EndGlobal
